// !$*UTF8*$!
{
	archiveVersion = 1;
	classes = {
	};
	objectVersion = 56;
	objects = {

/* Begin PBXBuildFile section */
		8132DF7B2A0A755A00D5F9D7 /* PlanetListApp.swift in Sources */ = {isa = PBXBuildFile; fileRef = 8132DF7A2A0A755A00D5F9D7 /* PlanetListApp.swift */; };
		8132DF7D2A0A755A00D5F9D7 /* PlanetListView.swift in Sources */ = {isa = PBXBuildFile; fileRef = 8132DF7C2A0A755A00D5F9D7 /* PlanetListView.swift */; };
		8132DF7F2A0A755D00D5F9D7 /* Assets.xcassets in Resources */ = {isa = PBXBuildFile; fileRef = 8132DF7E2A0A755D00D5F9D7 /* Assets.xcassets */; };
		8132DF822A0A755D00D5F9D7 /* Preview Assets.xcassets in Resources */ = {isa = PBXBuildFile; fileRef = 8132DF812A0A755D00D5F9D7 /* Preview Assets.xcassets */; };
		8132DF8C2A0A755D00D5F9D7 /* PlanetListTests.swift in Sources */ = {isa = PBXBuildFile; fileRef = 8132DF8B2A0A755D00D5F9D7 /* PlanetListTests.swift */; };
		8132DFA92A0A7ABB00D5F9D7 /* NetworkHandler.swift in Sources */ = {isa = PBXBuildFile; fileRef = 8132DFA82A0A7ABB00D5F9D7 /* NetworkHandler.swift */; };
		8132DFAB2A0A7B6F00D5F9D7 /* PlanetListViewModel.swift in Sources */ = {isa = PBXBuildFile; fileRef = 8132DFAA2A0A7B6F00D5F9D7 /* PlanetListViewModel.swift */; };
		8132DFAE2A0A829600D5F9D7 /* ListCellComponent.swift in Sources */ = {isa = PBXBuildFile; fileRef = 8132DFAD2A0A829600D5F9D7 /* ListCellComponent.swift */; };
		819E356C2A0B0DF900BD6BEA /* MockPlanetData.json in Resources */ = {isa = PBXBuildFile; fileRef = 819E356B2A0B0DF900BD6BEA /* MockPlanetData.json */; };
		84B0850A2A0BA4E0005445D3 /* Planet.xcdatamodeld in Sources */ = {isa = PBXBuildFile; fileRef = 84B085082A0BA4E0005445D3 /* Planet.xcdatamodeld */; };
		84B0850C2A0BA5DB005445D3 /* DataManager.swift in Sources */ = {isa = PBXBuildFile; fileRef = 84B0850B2A0BA5DB005445D3 /* DataManager.swift */; };
		84B0850E2A0BA6F4005445D3 /* DataManager+Planet.swift in Sources */ = {isa = PBXBuildFile; fileRef = 84B0850D2A0BA6F4005445D3 /* DataManager+Planet.swift */; };
		84B085102A0BBA4F005445D3 /* NSManagedObject+Additions.swift in Sources */ = {isa = PBXBuildFile; fileRef = 84B0850F2A0BBA4F005445D3 /* NSManagedObject+Additions.swift */; };
		84B085112A0BC6B3005445D3 /* MockPlanetData.swift in Sources */ = {isa = PBXBuildFile; fileRef = 819E35682A0AE81500BD6BEA /* MockPlanetData.swift */; };
		84B085122A0BC709005445D3 /* Planet.xcdatamodeld in Sources */ = {isa = PBXBuildFile; fileRef = 84B085082A0BA4E0005445D3 /* Planet.xcdatamodeld */; };
		84B085132A0BC7D0005445D3 /* DataManager.swift in Sources */ = {isa = PBXBuildFile; fileRef = 84B0850B2A0BA5DB005445D3 /* DataManager.swift */; };
		84B085142A0BC7D2005445D3 /* DataManager+Planet.swift in Sources */ = {isa = PBXBuildFile; fileRef = 84B0850D2A0BA6F4005445D3 /* DataManager+Planet.swift */; };
		84B085152A0BC7D4005445D3 /* NSManagedObject+Additions.swift in Sources */ = {isa = PBXBuildFile; fileRef = 84B0850F2A0BBA4F005445D3 /* NSManagedObject+Additions.swift */; };
		84B085192A0BCE35005445D3 /* NetworkSessionMock.swift in Sources */ = {isa = PBXBuildFile; fileRef = 84B085172A0BCE20005445D3 /* NetworkSessionMock.swift */; };
		84B0851A2A0BCE53005445D3 /* NetworkHandler.swift in Sources */ = {isa = PBXBuildFile; fileRef = 8132DFA82A0A7ABB00D5F9D7 /* NetworkHandler.swift */; };
		84B0851B2A0BD172005445D3 /* PlanetListViewModel.swift in Sources */ = {isa = PBXBuildFile; fileRef = 8132DFAA2A0A7B6F00D5F9D7 /* PlanetListViewModel.swift */; };
		84B0851C2A0BD244005445D3 /* MockPlanetData.json in Resources */ = {isa = PBXBuildFile; fileRef = 819E356B2A0B0DF900BD6BEA /* MockPlanetData.json */; };
/* End PBXBuildFile section */

/* Begin PBXContainerItemProxy section */
		8132DF882A0A755D00D5F9D7 /* PBXContainerItemProxy */ = {
			isa = PBXContainerItemProxy;
			containerPortal = 8132DF6F2A0A755A00D5F9D7 /* Project object */;
			proxyType = 1;
			remoteGlobalIDString = 8132DF762A0A755A00D5F9D7;
			remoteInfo = "JPMC MCoE";
		};
/* End PBXContainerItemProxy section */

/* Begin PBXFileReference section */
		8132DF772A0A755A00D5F9D7 /* Planet List.app */ = {isa = PBXFileReference; explicitFileType = wrapper.application; includeInIndex = 0; path = "Planet List.app"; sourceTree = BUILT_PRODUCTS_DIR; };
		8132DF7A2A0A755A00D5F9D7 /* PlanetListApp.swift */ = {isa = PBXFileReference; lastKnownFileType = sourcecode.swift; path = PlanetListApp.swift; sourceTree = "<group>"; };
		8132DF7C2A0A755A00D5F9D7 /* PlanetListView.swift */ = {isa = PBXFileReference; lastKnownFileType = sourcecode.swift; path = PlanetListView.swift; sourceTree = "<group>"; };
		8132DF7E2A0A755D00D5F9D7 /* Assets.xcassets */ = {isa = PBXFileReference; lastKnownFileType = folder.assetcatalog; path = Assets.xcassets; sourceTree = "<group>"; };
		8132DF812A0A755D00D5F9D7 /* Preview Assets.xcassets */ = {isa = PBXFileReference; lastKnownFileType = folder.assetcatalog; path = "Preview Assets.xcassets"; sourceTree = "<group>"; };
		8132DF872A0A755D00D5F9D7 /* Planet ListTests.xctest */ = {isa = PBXFileReference; explicitFileType = wrapper.cfbundle; includeInIndex = 0; path = "Planet ListTests.xctest"; sourceTree = BUILT_PRODUCTS_DIR; };
		8132DF8B2A0A755D00D5F9D7 /* PlanetListTests.swift */ = {isa = PBXFileReference; lastKnownFileType = sourcecode.swift; path = PlanetListTests.swift; sourceTree = "<group>"; };
		8132DFA82A0A7ABB00D5F9D7 /* NetworkHandler.swift */ = {isa = PBXFileReference; lastKnownFileType = sourcecode.swift; path = NetworkHandler.swift; sourceTree = "<group>"; };
		8132DFAA2A0A7B6F00D5F9D7 /* PlanetListViewModel.swift */ = {isa = PBXFileReference; lastKnownFileType = sourcecode.swift; path = PlanetListViewModel.swift; sourceTree = "<group>"; };
		8132DFAD2A0A829600D5F9D7 /* ListCellComponent.swift */ = {isa = PBXFileReference; lastKnownFileType = sourcecode.swift; path = ListCellComponent.swift; sourceTree = "<group>"; };
		819E35682A0AE81500BD6BEA /* MockPlanetData.swift */ = {isa = PBXFileReference; lastKnownFileType = sourcecode.swift; path = MockPlanetData.swift; sourceTree = "<group>"; };
		819E356B2A0B0DF900BD6BEA /* MockPlanetData.json */ = {isa = PBXFileReference; lastKnownFileType = text.json; path = MockPlanetData.json; sourceTree = "<group>"; };
		84B085092A0BA4E0005445D3 /* Planet.xcdatamodel */ = {isa = PBXFileReference; lastKnownFileType = wrapper.xcdatamodel; path = Planet.xcdatamodel; sourceTree = "<group>"; };
		84B0850B2A0BA5DB005445D3 /* DataManager.swift */ = {isa = PBXFileReference; fileEncoding = 4; lastKnownFileType = sourcecode.swift; path = DataManager.swift; sourceTree = "<group>"; };
		84B0850D2A0BA6F4005445D3 /* DataManager+Planet.swift */ = {isa = PBXFileReference; lastKnownFileType = sourcecode.swift; path = "DataManager+Planet.swift"; sourceTree = "<group>"; };
		84B0850F2A0BBA4F005445D3 /* NSManagedObject+Additions.swift */ = {isa = PBXFileReference; lastKnownFileType = sourcecode.swift; path = "NSManagedObject+Additions.swift"; sourceTree = "<group>"; };
		84B085172A0BCE20005445D3 /* NetworkSessionMock.swift */ = {isa = PBXFileReference; lastKnownFileType = sourcecode.swift; path = NetworkSessionMock.swift; sourceTree = "<group>"; };
/* End PBXFileReference section */

/* Begin PBXFrameworksBuildPhase section */
		8132DF742A0A755A00D5F9D7 /* Frameworks */ = {
			isa = PBXFrameworksBuildPhase;
			buildActionMask = 2147483647;
			files = (
			);
			runOnlyForDeploymentPostprocessing = 0;
		};
		8132DF842A0A755D00D5F9D7 /* Frameworks */ = {
			isa = PBXFrameworksBuildPhase;
			buildActionMask = 2147483647;
			files = (
			);
			runOnlyForDeploymentPostprocessing = 0;
		};
/* End PBXFrameworksBuildPhase section */

/* Begin PBXGroup section */
		8132DF6E2A0A755A00D5F9D7 = {
			isa = PBXGroup;
			children = (
				8132DF792A0A755A00D5F9D7 /* Planet List */,
				8132DF8A2A0A755D00D5F9D7 /* PlanetListTests */,
				8132DF782A0A755A00D5F9D7 /* Products */,
			);
			sourceTree = "<group>";
		};
		8132DF782A0A755A00D5F9D7 /* Products */ = {
			isa = PBXGroup;
			children = (
				8132DF772A0A755A00D5F9D7 /* Planet List.app */,
				8132DF872A0A755D00D5F9D7 /* Planet ListTests.xctest */,
			);
			name = Products;
			sourceTree = "<group>";
		};
		8132DF792A0A755A00D5F9D7 /* Planet List */ = {
			isa = PBXGroup;
			children = (
				8132DFAC2A0A826B00D5F9D7 /* DesignSystem */,
				8132DFA42A0A757400D5F9D7 /* Helpers */,
				819E35662A0AADC900BD6BEA /* PlanetList */,
				8132DF7A2A0A755A00D5F9D7 /* PlanetListApp.swift */,
				8132DF7E2A0A755D00D5F9D7 /* Assets.xcassets */,
				8132DF802A0A755D00D5F9D7 /* Preview Content */,
			);
			path = "Planet List";
			sourceTree = "<group>";
		};
		8132DF802A0A755D00D5F9D7 /* Preview Content */ = {
			isa = PBXGroup;
			children = (
				8132DF812A0A755D00D5F9D7 /* Preview Assets.xcassets */,
			);
			path = "Preview Content";
			sourceTree = "<group>";
		};
		8132DF8A2A0A755D00D5F9D7 /* PlanetListTests */ = {
			isa = PBXGroup;
			children = (
				8132DF8B2A0A755D00D5F9D7 /* PlanetListTests.swift */,
				84B085162A0BCE10005445D3 /* Helpers */,
				819E356A2A0AE83000BD6BEA /* MockJSON */,
				819E35672A0AE7FD00BD6BEA /* MockData */,
			);
			path = PlanetListTests;
			sourceTree = "<group>";
		};
		8132DFA42A0A757400D5F9D7 /* Helpers */ = {
			isa = PBXGroup;
			children = (
				84B085072A0BA4CD005445D3 /* DataManager */,
				8132DFA82A0A7ABB00D5F9D7 /* NetworkHandler.swift */,
			);
			path = Helpers;
			sourceTree = "<group>";
		};
		8132DFAC2A0A826B00D5F9D7 /* DesignSystem */ = {
			isa = PBXGroup;
			children = (
				8132DFAD2A0A829600D5F9D7 /* ListCellComponent.swift */,
			);
			path = DesignSystem;
			sourceTree = "<group>";
		};
		819E35662A0AADC900BD6BEA /* PlanetList */ = {
			isa = PBXGroup;
			children = (
				8132DFAA2A0A7B6F00D5F9D7 /* PlanetListViewModel.swift */,
				8132DF7C2A0A755A00D5F9D7 /* PlanetListView.swift */,
			);
			path = PlanetList;
			sourceTree = "<group>";
		};
		819E35672A0AE7FD00BD6BEA /* MockData */ = {
			isa = PBXGroup;
			children = (
				819E35682A0AE81500BD6BEA /* MockPlanetData.swift */,
			);
			path = MockData;
			sourceTree = "<group>";
		};
		819E356A2A0AE83000BD6BEA /* MockJSON */ = {
			isa = PBXGroup;
			children = (
				819E356B2A0B0DF900BD6BEA /* MockPlanetData.json */,
			);
			path = MockJSON;
			sourceTree = "<group>";
		};
		84B085072A0BA4CD005445D3 /* DataManager */ = {
			isa = PBXGroup;
			children = (
				84B085082A0BA4E0005445D3 /* Planet.xcdatamodeld */,
				84B0850B2A0BA5DB005445D3 /* DataManager.swift */,
				84B0850D2A0BA6F4005445D3 /* DataManager+Planet.swift */,
				84B0850F2A0BBA4F005445D3 /* NSManagedObject+Additions.swift */,
			);
			path = DataManager;
			sourceTree = "<group>";
		};
		84B085162A0BCE10005445D3 /* Helpers */ = {
			isa = PBXGroup;
			children = (
				84B085172A0BCE20005445D3 /* NetworkSessionMock.swift */,
			);
			path = Helpers;
			sourceTree = "<group>";
		};
/* End PBXGroup section */

/* Begin PBXNativeTarget section */
		8132DF762A0A755A00D5F9D7 /* Planet List */ = {
			isa = PBXNativeTarget;
			buildConfigurationList = 8132DF9B2A0A755E00D5F9D7 /* Build configuration list for PBXNativeTarget "Planet List" */;
			buildPhases = (
				8132DF732A0A755A00D5F9D7 /* Sources */,
				8132DF742A0A755A00D5F9D7 /* Frameworks */,
				8132DF752A0A755A00D5F9D7 /* Resources */,
			);
			buildRules = (
			);
			dependencies = (
			);
			name = "Planet List";
			productName = "JPMC MCoE";
			productReference = 8132DF772A0A755A00D5F9D7 /* Planet List.app */;
			productType = "com.apple.product-type.application";
		};
		8132DF862A0A755D00D5F9D7 /* Planet ListTests */ = {
			isa = PBXNativeTarget;
			buildConfigurationList = 8132DF9E2A0A755E00D5F9D7 /* Build configuration list for PBXNativeTarget "Planet ListTests" */;
			buildPhases = (
				8132DF832A0A755D00D5F9D7 /* Sources */,
				8132DF842A0A755D00D5F9D7 /* Frameworks */,
				8132DF852A0A755D00D5F9D7 /* Resources */,
			);
			buildRules = (
			);
			dependencies = (
				8132DF892A0A755D00D5F9D7 /* PBXTargetDependency */,
			);
			name = "Planet ListTests";
			productName = "JPMC MCoETests";
			productReference = 8132DF872A0A755D00D5F9D7 /* Planet ListTests.xctest */;
			productType = "com.apple.product-type.bundle.unit-test";
		};
/* End PBXNativeTarget section */

/* Begin PBXProject section */
		8132DF6F2A0A755A00D5F9D7 /* Project object */ = {
			isa = PBXProject;
			attributes = {
				BuildIndependentTargetsInParallel = 1;
				LastSwiftUpdateCheck = 1420;
				LastUpgradeCheck = 1420;
				TargetAttributes = {
					8132DF762A0A755A00D5F9D7 = {
						CreatedOnToolsVersion = 14.2;
					};
					8132DF862A0A755D00D5F9D7 = {
						CreatedOnToolsVersion = 14.2;
						TestTargetID = 8132DF762A0A755A00D5F9D7;
					};
				};
			};
			buildConfigurationList = 8132DF722A0A755A00D5F9D7 /* Build configuration list for PBXProject "Planet List" */;
			compatibilityVersion = "Xcode 14.0";
			developmentRegion = en;
			hasScannedForEncodings = 0;
			knownRegions = (
				en,
				Base,
			);
			mainGroup = 8132DF6E2A0A755A00D5F9D7;
			productRefGroup = 8132DF782A0A755A00D5F9D7 /* Products */;
			projectDirPath = "";
			projectRoot = "";
			targets = (
				8132DF762A0A755A00D5F9D7 /* Planet List */,
				8132DF862A0A755D00D5F9D7 /* Planet ListTests */,
			);
		};
/* End PBXProject section */

/* Begin PBXResourcesBuildPhase section */
		8132DF752A0A755A00D5F9D7 /* Resources */ = {
			isa = PBXResourcesBuildPhase;
			buildActionMask = 2147483647;
			files = (
				8132DF822A0A755D00D5F9D7 /* Preview Assets.xcassets in Resources */,
				819E356C2A0B0DF900BD6BEA /* MockPlanetData.json in Resources */,
				8132DF7F2A0A755D00D5F9D7 /* Assets.xcassets in Resources */,
			);
			runOnlyForDeploymentPostprocessing = 0;
		};
		8132DF852A0A755D00D5F9D7 /* Resources */ = {
			isa = PBXResourcesBuildPhase;
			buildActionMask = 2147483647;
			files = (
				84B0851C2A0BD244005445D3 /* MockPlanetData.json in Resources */,
			);
			runOnlyForDeploymentPostprocessing = 0;
		};
/* End PBXResourcesBuildPhase section */

/* Begin PBXSourcesBuildPhase section */
		8132DF732A0A755A00D5F9D7 /* Sources */ = {
			isa = PBXSourcesBuildPhase;
			buildActionMask = 2147483647;
			files = (
				84B0850E2A0BA6F4005445D3 /* DataManager+Planet.swift in Sources */,
				8132DFAB2A0A7B6F00D5F9D7 /* PlanetListViewModel.swift in Sources */,
				8132DFAE2A0A829600D5F9D7 /* ListCellComponent.swift in Sources */,
				8132DF7D2A0A755A00D5F9D7 /* PlanetListView.swift in Sources */,
				84B085102A0BBA4F005445D3 /* NSManagedObject+Additions.swift in Sources */,
				8132DF7B2A0A755A00D5F9D7 /* PlanetListApp.swift in Sources */,
				8132DFA92A0A7ABB00D5F9D7 /* NetworkHandler.swift in Sources */,
				84B0850C2A0BA5DB005445D3 /* DataManager.swift in Sources */,
				84B0850A2A0BA4E0005445D3 /* Planet.xcdatamodeld in Sources */,
			);
			runOnlyForDeploymentPostprocessing = 0;
		};
		8132DF832A0A755D00D5F9D7 /* Sources */ = {
			isa = PBXSourcesBuildPhase;
			buildActionMask = 2147483647;
			files = (
				84B085192A0BCE35005445D3 /* NetworkSessionMock.swift in Sources */,
				8132DF8C2A0A755D00D5F9D7 /* PlanetListTests.swift in Sources */,
				84B085152A0BC7D4005445D3 /* NSManagedObject+Additions.swift in Sources */,
				84B085142A0BC7D2005445D3 /* DataManager+Planet.swift in Sources */,
				84B085132A0BC7D0005445D3 /* DataManager.swift in Sources */,
				84B085112A0BC6B3005445D3 /* MockPlanetData.swift in Sources */,
				84B085122A0BC709005445D3 /* Planet.xcdatamodeld in Sources */,
				84B0851B2A0BD172005445D3 /* PlanetListViewModel.swift in Sources */,
				84B0851A2A0BCE53005445D3 /* NetworkHandler.swift in Sources */,
			);
			runOnlyForDeploymentPostprocessing = 0;
		};
/* End PBXSourcesBuildPhase section */

/* Begin PBXTargetDependency section */
		8132DF892A0A755D00D5F9D7 /* PBXTargetDependency */ = {
			isa = PBXTargetDependency;
			target = 8132DF762A0A755A00D5F9D7 /* Planet List */;
			targetProxy = 8132DF882A0A755D00D5F9D7 /* PBXContainerItemProxy */;
		};
/* End PBXTargetDependency section */

/* Begin XCBuildConfiguration section */
		8132DF992A0A755D00D5F9D7 /* Debug */ = {
			isa = XCBuildConfiguration;
			buildSettings = {
				ALWAYS_SEARCH_USER_PATHS = NO;
				CLANG_ANALYZER_NONNULL = YES;
				CLANG_ANALYZER_NUMBER_OBJECT_CONVERSION = YES_AGGRESSIVE;
				CLANG_CXX_LANGUAGE_STANDARD = "gnu++20";
				CLANG_ENABLE_MODULES = YES;
				CLANG_ENABLE_OBJC_ARC = YES;
				CLANG_ENABLE_OBJC_WEAK = YES;
				CLANG_WARN_BLOCK_CAPTURE_AUTORELEASING = YES;
				CLANG_WARN_BOOL_CONVERSION = YES;
				CLANG_WARN_COMMA = YES;
				CLANG_WARN_CONSTANT_CONVERSION = YES;
				CLANG_WARN_DEPRECATED_OBJC_IMPLEMENTATIONS = YES;
				CLANG_WARN_DIRECT_OBJC_ISA_USAGE = YES_ERROR;
				CLANG_WARN_DOCUMENTATION_COMMENTS = YES;
				CLANG_WARN_EMPTY_BODY = YES;
				CLANG_WARN_ENUM_CONVERSION = YES;
				CLANG_WARN_INFINITE_RECURSION = YES;
				CLANG_WARN_INT_CONVERSION = YES;
				CLANG_WARN_NON_LITERAL_NULL_CONVERSION = YES;
				CLANG_WARN_OBJC_IMPLICIT_RETAIN_SELF = YES;
				CLANG_WARN_OBJC_LITERAL_CONVERSION = YES;
				CLANG_WARN_OBJC_ROOT_CLASS = YES_ERROR;
				CLANG_WARN_QUOTED_INCLUDE_IN_FRAMEWORK_HEADER = YES;
				CLANG_WARN_RANGE_LOOP_ANALYSIS = YES;
				CLANG_WARN_STRICT_PROTOTYPES = YES;
				CLANG_WARN_SUSPICIOUS_MOVE = YES;
				CLANG_WARN_UNGUARDED_AVAILABILITY = YES_AGGRESSIVE;
				CLANG_WARN_UNREACHABLE_CODE = YES;
				CLANG_WARN__DUPLICATE_METHOD_MATCH = YES;
				COPY_PHASE_STRIP = NO;
				DEBUG_INFORMATION_FORMAT = dwarf;
				ENABLE_STRICT_OBJC_MSGSEND = YES;
				ENABLE_TESTABILITY = YES;
				GCC_C_LANGUAGE_STANDARD = gnu11;
				GCC_DYNAMIC_NO_PIC = NO;
				GCC_NO_COMMON_BLOCKS = YES;
				GCC_OPTIMIZATION_LEVEL = 0;
				GCC_PREPROCESSOR_DEFINITIONS = (
					"DEBUG=1",
					"$(inherited)",
				);
				GCC_WARN_64_TO_32_BIT_CONVERSION = YES;
				GCC_WARN_ABOUT_RETURN_TYPE = YES_ERROR;
				GCC_WARN_UNDECLARED_SELECTOR = YES;
				GCC_WARN_UNINITIALIZED_AUTOS = YES_AGGRESSIVE;
				GCC_WARN_UNUSED_FUNCTION = YES;
				GCC_WARN_UNUSED_VARIABLE = YES;
				IPHONEOS_DEPLOYMENT_TARGET = 16.2;
				MTL_ENABLE_DEBUG_INFO = INCLUDE_SOURCE;
				MTL_FAST_MATH = YES;
				ONLY_ACTIVE_ARCH = YES;
				SDKROOT = iphoneos;
				SWIFT_ACTIVE_COMPILATION_CONDITIONS = DEBUG;
				SWIFT_OPTIMIZATION_LEVEL = "-Onone";
			};
			name = Debug;
		};
		8132DF9A2A0A755D00D5F9D7 /* Release */ = {
			isa = XCBuildConfiguration;
			buildSettings = {
				ALWAYS_SEARCH_USER_PATHS = NO;
				CLANG_ANALYZER_NONNULL = YES;
				CLANG_ANALYZER_NUMBER_OBJECT_CONVERSION = YES_AGGRESSIVE;
				CLANG_CXX_LANGUAGE_STANDARD = "gnu++20";
				CLANG_ENABLE_MODULES = YES;
				CLANG_ENABLE_OBJC_ARC = YES;
				CLANG_ENABLE_OBJC_WEAK = YES;
				CLANG_WARN_BLOCK_CAPTURE_AUTORELEASING = YES;
				CLANG_WARN_BOOL_CONVERSION = YES;
				CLANG_WARN_COMMA = YES;
				CLANG_WARN_CONSTANT_CONVERSION = YES;
				CLANG_WARN_DEPRECATED_OBJC_IMPLEMENTATIONS = YES;
				CLANG_WARN_DIRECT_OBJC_ISA_USAGE = YES_ERROR;
				CLANG_WARN_DOCUMENTATION_COMMENTS = YES;
				CLANG_WARN_EMPTY_BODY = YES;
				CLANG_WARN_ENUM_CONVERSION = YES;
				CLANG_WARN_INFINITE_RECURSION = YES;
				CLANG_WARN_INT_CONVERSION = YES;
				CLANG_WARN_NON_LITERAL_NULL_CONVERSION = YES;
				CLANG_WARN_OBJC_IMPLICIT_RETAIN_SELF = YES;
				CLANG_WARN_OBJC_LITERAL_CONVERSION = YES;
				CLANG_WARN_OBJC_ROOT_CLASS = YES_ERROR;
				CLANG_WARN_QUOTED_INCLUDE_IN_FRAMEWORK_HEADER = YES;
				CLANG_WARN_RANGE_LOOP_ANALYSIS = YES;
				CLANG_WARN_STRICT_PROTOTYPES = YES;
				CLANG_WARN_SUSPICIOUS_MOVE = YES;
				CLANG_WARN_UNGUARDED_AVAILABILITY = YES_AGGRESSIVE;
				CLANG_WARN_UNREACHABLE_CODE = YES;
				CLANG_WARN__DUPLICATE_METHOD_MATCH = YES;
				COPY_PHASE_STRIP = NO;
				DEBUG_INFORMATION_FORMAT = "dwarf-with-dsym";
				ENABLE_NS_ASSERTIONS = NO;
				ENABLE_STRICT_OBJC_MSGSEND = YES;
				GCC_C_LANGUAGE_STANDARD = gnu11;
				GCC_NO_COMMON_BLOCKS = YES;
				GCC_WARN_64_TO_32_BIT_CONVERSION = YES;
				GCC_WARN_ABOUT_RETURN_TYPE = YES_ERROR;
				GCC_WARN_UNDECLARED_SELECTOR = YES;
				GCC_WARN_UNINITIALIZED_AUTOS = YES_AGGRESSIVE;
				GCC_WARN_UNUSED_FUNCTION = YES;
				GCC_WARN_UNUSED_VARIABLE = YES;
				IPHONEOS_DEPLOYMENT_TARGET = 16.2;
				MTL_ENABLE_DEBUG_INFO = NO;
				MTL_FAST_MATH = YES;
				SDKROOT = iphoneos;
				SWIFT_COMPILATION_MODE = wholemodule;
				SWIFT_OPTIMIZATION_LEVEL = "-O";
				VALIDATE_PRODUCT = YES;
			};
			name = Release;
		};
		8132DF9C2A0A755E00D5F9D7 /* Debug */ = {
			isa = XCBuildConfiguration;
			buildSettings = {
				ASSETCATALOG_COMPILER_APPICON_NAME = AppIcon;
				ASSETCATALOG_COMPILER_GLOBAL_ACCENT_COLOR_NAME = AccentColor;
				CODE_SIGN_STYLE = Automatic;
				CURRENT_PROJECT_VERSION = 1;
				DEVELOPMENT_ASSET_PATHS = "\"Planet List/Preview Content\"";
				ENABLE_PREVIEWS = YES;
				GENERATE_INFOPLIST_FILE = YES;
				INFOPLIST_KEY_UIApplicationSceneManifest_Generation = YES;
				INFOPLIST_KEY_UIApplicationSupportsIndirectInputEvents = YES;
				INFOPLIST_KEY_UILaunchScreen_Generation = YES;
				INFOPLIST_KEY_UISupportedInterfaceOrientations_iPad = "UIInterfaceOrientationPortrait UIInterfaceOrientationPortraitUpsideDown UIInterfaceOrientationLandscapeLeft UIInterfaceOrientationLandscapeRight";
				INFOPLIST_KEY_UISupportedInterfaceOrientations_iPhone = "UIInterfaceOrientationPortrait UIInterfaceOrientationLandscapeLeft UIInterfaceOrientationLandscapeRight";
				IPHONEOS_DEPLOYMENT_TARGET = 15.0;
				LD_RUNPATH_SEARCH_PATHS = (
					"$(inherited)",
					"@executable_path/Frameworks",
				);
				MARKETING_VERSION = 1.0;
				PRODUCT_BUNDLE_IDENTIFIER = "chase.JPMC-MCoE";
				PRODUCT_NAME = "$(TARGET_NAME)";
				SWIFT_EMIT_LOC_STRINGS = YES;
				SWIFT_VERSION = 5.0;
				TARGETED_DEVICE_FAMILY = "1,2";
			};
			name = Debug;
		};
		8132DF9D2A0A755E00D5F9D7 /* Release */ = {
			isa = XCBuildConfiguration;
			buildSettings = {
				ASSETCATALOG_COMPILER_APPICON_NAME = AppIcon;
				ASSETCATALOG_COMPILER_GLOBAL_ACCENT_COLOR_NAME = AccentColor;
				CODE_SIGN_STYLE = Automatic;
				CURRENT_PROJECT_VERSION = 1;
				DEVELOPMENT_ASSET_PATHS = "\"Planet List/Preview Content\"";
				ENABLE_PREVIEWS = YES;
				GENERATE_INFOPLIST_FILE = YES;
				INFOPLIST_KEY_UIApplicationSceneManifest_Generation = YES;
				INFOPLIST_KEY_UIApplicationSupportsIndirectInputEvents = YES;
				INFOPLIST_KEY_UILaunchScreen_Generation = YES;
				INFOPLIST_KEY_UISupportedInterfaceOrientations_iPad = "UIInterfaceOrientationPortrait UIInterfaceOrientationPortraitUpsideDown UIInterfaceOrientationLandscapeLeft UIInterfaceOrientationLandscapeRight";
				INFOPLIST_KEY_UISupportedInterfaceOrientations_iPhone = "UIInterfaceOrientationPortrait UIInterfaceOrientationLandscapeLeft UIInterfaceOrientationLandscapeRight";
				IPHONEOS_DEPLOYMENT_TARGET = 15.0;
				LD_RUNPATH_SEARCH_PATHS = (
					"$(inherited)",
					"@executable_path/Frameworks",
				);
				MARKETING_VERSION = 1.0;
				PRODUCT_BUNDLE_IDENTIFIER = "chase.JPMC-MCoE";
				PRODUCT_NAME = "$(TARGET_NAME)";
				SWIFT_EMIT_LOC_STRINGS = YES;
				SWIFT_VERSION = 5.0;
				TARGETED_DEVICE_FAMILY = "1,2";
			};
			name = Release;
		};
		8132DF9F2A0A755E00D5F9D7 /* Debug */ = {
			isa = XCBuildConfiguration;
			buildSettings = {
				ALWAYS_EMBED_SWIFT_STANDARD_LIBRARIES = YES;
				BUNDLE_LOADER = "$(TEST_HOST)";
				CODE_SIGN_STYLE = Automatic;
				CURRENT_PROJECT_VERSION = 1;
				GENERATE_INFOPLIST_FILE = YES;
				IPHONEOS_DEPLOYMENT_TARGET = 16.2;
				MARKETING_VERSION = 1.0;
				PRODUCT_BUNDLE_IDENTIFIER = "chase.JPMC-MCoETests";
				PRODUCT_NAME = "$(TARGET_NAME)";
				SWIFT_EMIT_LOC_STRINGS = NO;
				SWIFT_VERSION = 5.0;
				TARGETED_DEVICE_FAMILY = "1,2";
				TEST_HOST = "$(BUILT_PRODUCTS_DIR)/Planet List.app/$(BUNDLE_EXECUTABLE_FOLDER_PATH)/Planet List";
			};
			name = Debug;
		};
		8132DFA02A0A755E00D5F9D7 /* Release */ = {
			isa = XCBuildConfiguration;
			buildSettings = {
				ALWAYS_EMBED_SWIFT_STANDARD_LIBRARIES = YES;
				BUNDLE_LOADER = "$(TEST_HOST)";
				CODE_SIGN_STYLE = Automatic;
				CURRENT_PROJECT_VERSION = 1;
				GENERATE_INFOPLIST_FILE = YES;
				IPHONEOS_DEPLOYMENT_TARGET = 16.2;
				MARKETING_VERSION = 1.0;
				PRODUCT_BUNDLE_IDENTIFIER = "chase.JPMC-MCoETests";
				PRODUCT_NAME = "$(TARGET_NAME)";
				SWIFT_EMIT_LOC_STRINGS = NO;
				SWIFT_VERSION = 5.0;
				TARGETED_DEVICE_FAMILY = "1,2";
				TEST_HOST = "$(BUILT_PRODUCTS_DIR)/Planet List.app/$(BUNDLE_EXECUTABLE_FOLDER_PATH)/Planet List";
			};
			name = Release;
		};
/* End XCBuildConfiguration section */

/* Begin XCConfigurationList section */
		8132DF722A0A755A00D5F9D7 /* Build configuration list for PBXProject "Planet List" */ = {
			isa = XCConfigurationList;
			buildConfigurations = (
				8132DF992A0A755D00D5F9D7 /* Debug */,
				8132DF9A2A0A755D00D5F9D7 /* Release */,
			);
			defaultConfigurationIsVisible = 0;
			defaultConfigurationName = Release;
		};
		8132DF9B2A0A755E00D5F9D7 /* Build configuration list for PBXNativeTarget "Planet List" */ = {
			isa = XCConfigurationList;
			buildConfigurations = (
				8132DF9C2A0A755E00D5F9D7 /* Debug */,
				8132DF9D2A0A755E00D5F9D7 /* Release */,
			);
			defaultConfigurationIsVisible = 0;
			defaultConfigurationName = Release;
		};
		8132DF9E2A0A755E00D5F9D7 /* Build configuration list for PBXNativeTarget "Planet ListTests" */ = {
			isa = XCConfigurationList;
			buildConfigurations = (
				8132DF9F2A0A755E00D5F9D7 /* Debug */,
				8132DFA02A0A755E00D5F9D7 /* Release */,
			);
			defaultConfigurationIsVisible = 0;
			defaultConfigurationName = Release;
		};
/* End XCConfigurationList section */

/* Begin XCVersionGroup section */
		84B085082A0BA4E0005445D3 /* Planet.xcdatamodeld */ = {
			isa = XCVersionGroup;
			children = (
				84B085092A0BA4E0005445D3 /* Planet.xcdatamodel */,
			);
			currentVersion = 84B085092A0BA4E0005445D3 /* Planet.xcdatamodel */;
			path = Planet.xcdatamodeld;
			sourceTree = "<group>";
			versionGroupType = wrapper.xcdatamodel;
		};
/* End XCVersionGroup section */
	};
	rootObject = 8132DF6F2A0A755A00D5F9D7 /* Project object */;
}
